
Microsoft Visual Studio Solution File, Format Version 12.00
# Visual Studio 15
VisualStudioVersion = 15.0.26730.12
MinimumVisualStudioVersion = 10.0.40219.1
Project("{2150E333-8FDC-42A3-9474-1A3956D46DE8}") = "Feature", "Feature", "{17DD5718-6E13-4F2C-9738-B410396D4552}"
EndProject
Project("{2150E333-8FDC-42A3-9474-1A3956D46DE8}") = "Foundation", "Foundation", "{4FDA1DCD-D33E-447E-91C1-F4AE818E2CF0}"
EndProject
Project("{2150E333-8FDC-42A3-9474-1A3956D46DE8}") = "Project", "Project", "{15D97D61-D597-42EC-B7E9-E9EC8130E630}"
EndProject
Project("{2150E333-8FDC-42A3-9474-1A3956D46DE8}") = "Configuration", "Configuration", "{ADCA10F7-A1D2-407B-8074-60418168C02E}"
	ProjectSection(SolutionItems) = preProject
		.editorconfig = .editorconfig
		.gitattributes = .gitattributes
		.gitignore = .gitignore
		gulp-config.js = gulp-config.js
		gulpfile.js = gulpfile.js
		nuget.config = nuget.config
		package.json = package.json
		publishsettingsdebug.targets = publishsettingsdebug.targets
		README.md = README.md
	EndProjectSection
EndProject
Project("{2150E333-8FDC-42A3-9474-1A3956D46DE8}") = "Documentation", "Documentation", "{DAFED8F5-6CBD-4384-AAD6-DC3BCCF24911}"
	ProjectSection(SolutionItems) = preProject
		documentation\README.md = documentation\README.md
	EndProjectSection
EndProject
Project("{2150E333-8FDC-42A3-9474-1A3956D46DE8}") = "images", "images", "{D27C83D2-2EAF-4E44-A1ED-2B3C2EBB5854}"
	ProjectSection(SolutionItems) = preProject
		documentation\images\deal-with-it.gif = documentation\images\deal-with-it.gif
		documentation\images\hackathon.png = documentation\images\hackathon.png
	EndProjectSection
EndProject
Project("{2150E333-8FDC-42A3-9474-1A3956D46DE8}") = "Serialization", "Serialization", "{5CAD3E88-B76B-498A-9201-2D2CD112EA2B}"
EndProject
Project("{FAE04EC0-301F-11D3-BF4B-00C04F79EFBC}") = "Hackathon.Foundation.Serialization", "src\Foundation\Serialization\code\Hackathon.Foundation.Serialization.csproj", "{1EA2F54B-9F65-4E50-8D3D-9B663CCC8DDA}"
EndProject
Project("{2150E333-8FDC-42A3-9474-1A3956D46DE8}") = "SocialAssistant", "SocialAssistant", "{65883A9E-AC7F-48CB-B6BB-0E6CC18CDCB9}"
EndProject
Project("{FAE04EC0-301F-11D3-BF4B-00C04F79EFBC}") = "Hackathon.Foundation.SocialAssistant", "src\Foundation\SocialAssistant\code\Hackathon.Foundation.SocialAssistant.csproj", "{66AF475A-B96B-438D-8BD9-CACF3FA420CB}"
EndProject
Global
	GlobalSection(SolutionConfigurationPlatforms) = preSolution
		Debug|Any CPU = Debug|Any CPU
		Release|Any CPU = Release|Any CPU
	EndGlobalSection
	GlobalSection(ProjectConfigurationPlatforms) = postSolution
		{1EA2F54B-9F65-4E50-8D3D-9B663CCC8DDA}.Debug|Any CPU.ActiveCfg = Debug|Any CPU
		{1EA2F54B-9F65-4E50-8D3D-9B663CCC8DDA}.Debug|Any CPU.Build.0 = Debug|Any CPU
		{1EA2F54B-9F65-4E50-8D3D-9B663CCC8DDA}.Release|Any CPU.ActiveCfg = Release|Any CPU
		{1EA2F54B-9F65-4E50-8D3D-9B663CCC8DDA}.Release|Any CPU.Build.0 = Release|Any CPU
		{66AF475A-B96B-438D-8BD9-CACF3FA420CB}.Debug|Any CPU.ActiveCfg = Debug|Any CPU
		{66AF475A-B96B-438D-8BD9-CACF3FA420CB}.Debug|Any CPU.Build.0 = Debug|Any CPU
		{66AF475A-B96B-438D-8BD9-CACF3FA420CB}.Release|Any CPU.ActiveCfg = Release|Any CPU
		{66AF475A-B96B-438D-8BD9-CACF3FA420CB}.Release|Any CPU.Build.0 = Release|Any CPU
	EndGlobalSection
	GlobalSection(SolutionProperties) = preSolution
		HideSolutionNode = FALSE
	EndGlobalSection
	GlobalSection(NestedProjects) = preSolution
		{D27C83D2-2EAF-4E44-A1ED-2B3C2EBB5854} = {DAFED8F5-6CBD-4384-AAD6-DC3BCCF24911}
		{5CAD3E88-B76B-498A-9201-2D2CD112EA2B} = {4FDA1DCD-D33E-447E-91C1-F4AE818E2CF0}
		{1EA2F54B-9F65-4E50-8D3D-9B663CCC8DDA} = {5CAD3E88-B76B-498A-9201-2D2CD112EA2B}
		{65883A9E-AC7F-48CB-B6BB-0E6CC18CDCB9} = {4FDA1DCD-D33E-447E-91C1-F4AE818E2CF0}
		{66AF475A-B96B-438D-8BD9-CACF3FA420CB} = {65883A9E-AC7F-48CB-B6BB-0E6CC18CDCB9}
	EndGlobalSection
	GlobalSection(ExtensibilityGlobals) = postSolution
		SolutionGuid = {311DA37D-528B-43B2-A99B-E7253F841D46}
	EndGlobalSection
EndGlobal
